
Microsoft Visual Studio Solution File, Format Version 12.00
# Visual Studio Version 17
VisualStudioVersion = 17.1.32421.90
MinimumVisualStudioVersion = 10.0.40219.1
Project("{9A19103F-16F7-4668-BE54-9A1E7A4F7556}") = "BlazorServerTest", "BlazorServerTest\BlazorServerTest.csproj", "{1C8C6840-B5E4-4769-B57B-C341731821DF}"
EndProject
Project("{9A19103F-16F7-4668-BE54-9A1E7A4F7556}") = "DataAccessLibrary", "DataAccessLibrary\DataAccessLibrary.csproj", "{4C786117-CDED-4B6B-A8E0-B92561DB8770}"
EndProject
Global
	GlobalSection(SolutionConfigurationPlatforms) = preSolution
		Debug|Any CPU = Debug|Any CPU
		Release|Any CPU = Release|Any CPU
	EndGlobalSection
	GlobalSection(ProjectConfigurationPlatforms) = postSolution
		{1C8C6840-B5E4-4769-B57B-C341731821DF}.Debug|Any CPU.ActiveCfg = Debug|Any CPU
		{1C8C6840-B5E4-4769-B57B-C341731821DF}.Debug|Any CPU.Build.0 = Debug|Any CPU
		{1C8C6840-B5E4-4769-B57B-C341731821DF}.Release|Any CPU.ActiveCfg = Release|Any CPU
		{1C8C6840-B5E4-4769-B57B-C341731821DF}.Release|Any CPU.Build.0 = Release|Any CPU
		{4C786117-CDED-4B6B-A8E0-B92561DB8770}.Debug|Any CPU.ActiveCfg = Debug|Any CPU
		{4C786117-CDED-4B6B-A8E0-B92561DB8770}.Debug|Any CPU.Build.0 = Debug|Any CPU
		{4C786117-CDED-4B6B-A8E0-B92561DB8770}.Release|Any CPU.ActiveCfg = Release|Any CPU
		{4C786117-CDED-4B6B-A8E0-B92561DB8770}.Release|Any CPU.Build.0 = Release|Any CPU
	EndGlobalSection
	GlobalSection(SolutionProperties) = preSolution
		HideSolutionNode = FALSE
	EndGlobalSection
	GlobalSection(ExtensibilityGlobals) = postSolution
		SolutionGuid = {D1878165-E055-4B63-ABD7-CC69871E62E5}
	EndGlobalSection
EndGlobal
